// !$*UTF8*$!
{
	archiveVersion = 1;
	classes = {
	};
	objectVersion = 56;
	objects = {

/* Begin PBXBuildFile section */
		7818B47D2C990FCF005A9D03 /* SenasDevStoryApp.swift in Sources */ = {isa = PBXBuildFile; fileRef = 7818B47C2C990FCF005A9D03 /* SenasDevStoryApp.swift */; };
		7818B47F2C990FCF005A9D03 /* ContentView.swift in Sources */ = {isa = PBXBuildFile; fileRef = 7818B47E2C990FCF005A9D03 /* ContentView.swift */; };
		7818B4812C990FD0005A9D03 /* Assets.xcassets in Resources */ = {isa = PBXBuildFile; fileRef = 7818B4802C990FD0005A9D03 /* Assets.xcassets */; };
		7818B4842C990FD0005A9D03 /* Preview Assets.xcassets in Resources */ = {isa = PBXBuildFile; fileRef = 7818B4832C990FD0005A9D03 /* Preview Assets.xcassets */; };
/* End PBXBuildFile section */

/* Begin PBXContainerItemProxy section */
		7818B48A2C990FD1005A9D03 /* PBXContainerItemProxy */ = {
			isa = PBXContainerItemProxy;
			containerPortal = 7818B4712C990FCF005A9D03 /* Project object */;
			proxyType = 1;
			remoteGlobalIDString = 7818B4782C990FCF005A9D03;
			remoteInfo = SenasDevStory;
		};
		7818B4942C990FD1005A9D03 /* PBXContainerItemProxy */ = {
			isa = PBXContainerItemProxy;
			containerPortal = 7818B4712C990FCF005A9D03 /* Project object */;
			proxyType = 1;
			remoteGlobalIDString = 7818B4782C990FCF005A9D03;
			remoteInfo = SenasDevStory;
		};
/* End PBXContainerItemProxy section */

/* Begin PBXFileReference section */
		7818B4792C990FCF005A9D03 /* SenasDevStory.app */ = {isa = PBXFileReference; explicitFileType = wrapper.application; includeInIndex = 0; path = SenasDevStory.app; sourceTree = BUILT_PRODUCTS_DIR; };
		7818B47C2C990FCF005A9D03 /* SenasDevStoryApp.swift */ = {isa = PBXFileReference; lastKnownFileType = sourcecode.swift; path = SenasDevStoryApp.swift; sourceTree = "<group>"; };
		7818B47E2C990FCF005A9D03 /* ContentView.swift */ = {isa = PBXFileReference; lastKnownFileType = sourcecode.swift; path = ContentView.swift; sourceTree = "<group>"; };
		7818B4802C990FD0005A9D03 /* Assets.xcassets */ = {isa = PBXFileReference; lastKnownFileType = folder.assetcatalog; path = Assets.xcassets; sourceTree = "<group>"; };
		7818B4832C990FD0005A9D03 /* Preview Assets.xcassets */ = {isa = PBXFileReference; lastKnownFileType = folder.assetcatalog; path = "Preview Assets.xcassets"; sourceTree = "<group>"; };
		7818B4892C990FD1005A9D03 /* SenasDevStoryTests.xctest */ = {isa = PBXFileReference; explicitFileType = wrapper.cfbundle; includeInIndex = 0; path = SenasDevStoryTests.xctest; sourceTree = BUILT_PRODUCTS_DIR; };
		7818B4932C990FD1005A9D03 /* SenasDevStoryUITests.xctest */ = {isa = PBXFileReference; explicitFileType = wrapper.cfbundle; includeInIndex = 0; path = SenasDevStoryUITests.xctest; sourceTree = BUILT_PRODUCTS_DIR; };
/* End PBXFileReference section */

/* Begin PBXFrameworksBuildPhase section */
		7818B4762C990FCF005A9D03 /* Frameworks */ = {
			isa = PBXFrameworksBuildPhase;
			buildActionMask = 2147483647;
			files = (
			);
			runOnlyForDeploymentPostprocessing = 0;
		};
		7818B4862C990FD1005A9D03 /* Frameworks */ = {
			isa = PBXFrameworksBuildPhase;
			buildActionMask = 2147483647;
			files = (
			);
			runOnlyForDeploymentPostprocessing = 0;
		};
		7818B4902C990FD1005A9D03 /* Frameworks */ = {
			isa = PBXFrameworksBuildPhase;
			buildActionMask = 2147483647;
			files = (
			);
			runOnlyForDeploymentPostprocessing = 0;
		};
/* End PBXFrameworksBuildPhase section */

/* Begin PBXGroup section */
		7818B4702C990FCF005A9D03 = {
			isa = PBXGroup;
			children = (
				7818B47B2C990FCF005A9D03 /* SenasDevStory */,
				7818B47A2C990FCF005A9D03 /* Products */,
			);
			sourceTree = "<group>";
		};
		7818B47A2C990FCF005A9D03 /* Products */ = {
			isa = PBXGroup;
			children = (
				7818B4792C990FCF005A9D03 /* SenasDevStory.app */,
				7818B4892C990FD1005A9D03 /* SenasDevStoryTests.xctest */,
				7818B4932C990FD1005A9D03 /* SenasDevStoryUITests.xctest */,
			);
			name = Products;
			sourceTree = "<group>";
		};
		7818B47B2C990FCF005A9D03 /* SenasDevStory */ = {
			isa = PBXGroup;
			children = (
				7818B47C2C990FCF005A9D03 /* SenasDevStoryApp.swift */,
				7818B47E2C990FCF005A9D03 /* ContentView.swift */,
				7818B4802C990FD0005A9D03 /* Assets.xcassets */,
				7818B4822C990FD0005A9D03 /* Preview Content */,
			);
			path = SenasDevStory;
			sourceTree = "<group>";
		};
		7818B4822C990FD0005A9D03 /* Preview Content */ = {
			isa = PBXGroup;
			children = (
				7818B4832C990FD0005A9D03 /* Preview Assets.xcassets */,
			);
			path = "Preview Content";
			sourceTree = "<group>";
		};
/* End PBXGroup section */

/* Begin PBXNativeTarget section */
		7818B4782C990FCF005A9D03 /* SenasDevStory */ = {
			isa = PBXNativeTarget;
			buildConfigurationList = 7818B49D2C990FD1005A9D03 /* Build configuration list for PBXNativeTarget "SenasDevStory" */;
			buildPhases = (
				7818B4752C990FCF005A9D03 /* Sources */,
				7818B4762C990FCF005A9D03 /* Frameworks */,
				7818B4772C990FCF005A9D03 /* Resources */,
			);
			buildRules = (
			);
			dependencies = (
			);
			name = SenasDevStory;
			productName = SenasDevStory;
			productReference = 7818B4792C990FCF005A9D03 /* SenasDevStory.app */;
			productType = "com.apple.product-type.application";
		};
		7818B4882C990FD1005A9D03 /* SenasDevStoryTests */ = {
			isa = PBXNativeTarget;
			buildConfigurationList = 7818B4A02C990FD1005A9D03 /* Build configuration list for PBXNativeTarget "SenasDevStoryTests" */;
			buildPhases = (
				7818B4852C990FD1005A9D03 /* Sources */,
				7818B4862C990FD1005A9D03 /* Frameworks */,
				7818B4872C990FD1005A9D03 /* Resources */,
			);
			buildRules = (
			);
			dependencies = (
				7818B48B2C990FD1005A9D03 /* PBXTargetDependency */,
			);
			name = SenasDevStoryTests;
			productName = SenasDevStoryTests;
			productReference = 7818B4892C990FD1005A9D03 /* SenasDevStoryTests.xctest */;
			productType = "com.apple.product-type.bundle.unit-test";
		};
		7818B4922C990FD1005A9D03 /* SenasDevStoryUITests */ = {
			isa = PBXNativeTarget;
			buildConfigurationList = 7818B4A32C990FD1005A9D03 /* Build configuration list for PBXNativeTarget "SenasDevStoryUITests" */;
			buildPhases = (
				7818B48F2C990FD1005A9D03 /* Sources */,
				7818B4902C990FD1005A9D03 /* Frameworks */,
				7818B4912C990FD1005A9D03 /* Resources */,
			);
			buildRules = (
			);
			dependencies = (
				7818B4952C990FD1005A9D03 /* PBXTargetDependency */,
			);
			name = SenasDevStoryUITests;
			productName = SenasDevStoryUITests;
			productReference = 7818B4932C990FD1005A9D03 /* SenasDevStoryUITests.xctest */;
			productType = "com.apple.product-type.bundle.ui-testing";
		};
/* End PBXNativeTarget section */

/* Begin PBXProject section */
		7818B4712C990FCF005A9D03 /* Project object */ = {
			isa = PBXProject;
			attributes = {
				BuildIndependentTargetsInParallel = 1;
				LastSwiftUpdateCheck = 1540;
				LastUpgradeCheck = 1540;
				TargetAttributes = {
					7818B4782C990FCF005A9D03 = {
						CreatedOnToolsVersion = 15.4;
					};
					7818B4882C990FD1005A9D03 = {
						CreatedOnToolsVersion = 15.4;
						TestTargetID = 7818B4782C990FCF005A9D03;
					};
					7818B4922C990FD1005A9D03 = {
						CreatedOnToolsVersion = 15.4;
						TestTargetID = 7818B4782C990FCF005A9D03;
					};
				};
			};
			buildConfigurationList = 7818B4742C990FCF005A9D03 /* Build configuration list for PBXProject "SenasDevStory" */;
			compatibilityVersion = "Xcode 14.0";
			developmentRegion = en;
			hasScannedForEncodings = 0;
			knownRegions = (
				en,
				Base,
			);
			mainGroup = 7818B4702C990FCF005A9D03;
			productRefGroup = 7818B47A2C990FCF005A9D03 /* Products */;
			projectDirPath = "";
			projectRoot = "";
			targets = (
				7818B4782C990FCF005A9D03 /* SenasDevStory */,
				7818B4882C990FD1005A9D03 /* SenasDevStoryTests */,
				7818B4922C990FD1005A9D03 /* SenasDevStoryUITests */,
			);
		};
/* End PBXProject section */

/* Begin PBXResourcesBuildPhase section */
		7818B4772C990FCF005A9D03 /* Resources */ = {
			isa = PBXResourcesBuildPhase;
			buildActionMask = 2147483647;
			files = (
				7818B4842C990FD0005A9D03 /* Preview Assets.xcassets in Resources */,
				7818B4812C990FD0005A9D03 /* Assets.xcassets in Resources */,
			);
			runOnlyForDeploymentPostprocessing = 0;
		};
		7818B4872C990FD1005A9D03 /* Resources */ = {
			isa = PBXResourcesBuildPhase;
			buildActionMask = 2147483647;
			files = (
			);
			runOnlyForDeploymentPostprocessing = 0;
		};
		7818B4912C990FD1005A9D03 /* Resources */ = {
			isa = PBXResourcesBuildPhase;
			buildActionMask = 2147483647;
			files = (
			);
			runOnlyForDeploymentPostprocessing = 0;
		};
/* End PBXResourcesBuildPhase section */

/* Begin PBXSourcesBuildPhase section */
		7818B4752C990FCF005A9D03 /* Sources */ = {
			isa = PBXSourcesBuildPhase;
			buildActionMask = 2147483647;
			files = (
				7818B47F2C990FCF005A9D03 /* ContentView.swift in Sources */,
				7818B47D2C990FCF005A9D03 /* SenasDevStoryApp.swift in Sources */,
			);
			runOnlyForDeploymentPostprocessing = 0;
		};
		7818B4852C990FD1005A9D03 /* Sources */ = {
			isa = PBXSourcesBuildPhase;
			buildActionMask = 2147483647;
			files = (
			);
			runOnlyForDeploymentPostprocessing = 0;
		};
		7818B48F2C990FD1005A9D03 /* Sources */ = {
			isa = PBXSourcesBuildPhase;
			buildActionMask = 2147483647;
			files = (
			);
			runOnlyForDeploymentPostprocessing = 0;
		};
/* End PBXSourcesBuildPhase section */

/* Begin PBXTargetDependency section */
		7818B48B2C990FD1005A9D03 /* PBXTargetDependency */ = {
			isa = PBXTargetDependency;
			target = 7818B4782C990FCF005A9D03 /* SenasDevStory */;
			targetProxy = 7818B48A2C990FD1005A9D03 /* PBXContainerItemProxy */;
		};
		7818B4952C990FD1005A9D03 /* PBXTargetDependency */ = {
			isa = PBXTargetDependency;
			target = 7818B4782C990FCF005A9D03 /* SenasDevStory */;
			targetProxy = 7818B4942C990FD1005A9D03 /* PBXContainerItemProxy */;
		};
/* End PBXTargetDependency section */

/* Begin XCBuildConfiguration section */
		7818B49B2C990FD1005A9D03 /* Debug */ = {
			isa = XCBuildConfiguration;
			buildSettings = {
				ALWAYS_SEARCH_USER_PATHS = NO;
				ASSETCATALOG_COMPILER_GENERATE_SWIFT_ASSET_SYMBOL_EXTENSIONS = YES;
				CLANG_ANALYZER_NONNULL = YES;
				CLANG_ANALYZER_NUMBER_OBJECT_CONVERSION = YES_AGGRESSIVE;
				CLANG_CXX_LANGUAGE_STANDARD = "gnu++20";
				CLANG_ENABLE_MODULES = YES;
				CLANG_ENABLE_OBJC_ARC = YES;
				CLANG_ENABLE_OBJC_WEAK = YES;
				CLANG_WARN_BLOCK_CAPTURE_AUTORELEASING = YES;
				CLANG_WARN_BOOL_CONVERSION = YES;
				CLANG_WARN_COMMA = YES;
				CLANG_WARN_CONSTANT_CONVERSION = YES;
				CLANG_WARN_DEPRECATED_OBJC_IMPLEMENTATIONS = YES;
				CLANG_WARN_DIRECT_OBJC_ISA_USAGE = YES_ERROR;
				CLANG_WARN_DOCUMENTATION_COMMENTS = YES;
				CLANG_WARN_EMPTY_BODY = YES;
				CLANG_WARN_ENUM_CONVERSION = YES;
				CLANG_WARN_INFINITE_RECURSION = YES;
				CLANG_WARN_INT_CONVERSION = YES;
				CLANG_WARN_NON_LITERAL_NULL_CONVERSION = YES;
				CLANG_WARN_OBJC_IMPLICIT_RETAIN_SELF = YES;
				CLANG_WARN_OBJC_LITERAL_CONVERSION = YES;
				CLANG_WARN_OBJC_ROOT_CLASS = YES_ERROR;
				CLANG_WARN_QUOTED_INCLUDE_IN_FRAMEWORK_HEADER = YES;
				CLANG_WARN_RANGE_LOOP_ANALYSIS = YES;
				CLANG_WARN_STRICT_PROTOTYPES = YES;
				CLANG_WARN_SUSPICIOUS_MOVE = YES;
				CLANG_WARN_UNGUARDED_AVAILABILITY = YES_AGGRESSIVE;
				CLANG_WARN_UNREACHABLE_CODE = YES;
				CLANG_WARN__DUPLICATE_METHOD_MATCH = YES;
				COPY_PHASE_STRIP = NO;
				DEBUG_INFORMATION_FORMAT = dwarf;
				ENABLE_STRICT_OBJC_MSGSEND = YES;
				ENABLE_TESTABILITY = YES;
				ENABLE_USER_SCRIPT_SANDBOXING = YES;
				GCC_C_LANGUAGE_STANDARD = gnu17;
				GCC_DYNAMIC_NO_PIC = NO;
				GCC_NO_COMMON_BLOCKS = YES;
				GCC_OPTIMIZATION_LEVEL = 0;
				GCC_PREPROCESSOR_DEFINITIONS = (
					"DEBUG=1",
					"$(inherited)",
				);
				GCC_WARN_64_TO_32_BIT_CONVERSION = YES;
				GCC_WARN_ABOUT_RETURN_TYPE = YES_ERROR;
				GCC_WARN_UNDECLARED_SELECTOR = YES;
				GCC_WARN_UNINITIALIZED_AUTOS = YES_AGGRESSIVE;
				GCC_WARN_UNUSED_FUNCTION = YES;
				GCC_WARN_UNUSED_VARIABLE = YES;
				IPHONEOS_DEPLOYMENT_TARGET = 17.5;
				LOCALIZATION_PREFERS_STRING_CATALOGS = YES;
				MTL_ENABLE_DEBUG_INFO = INCLUDE_SOURCE;
				MTL_FAST_MATH = YES;
				ONLY_ACTIVE_ARCH = YES;
				SDKROOT = iphoneos;
				SWIFT_ACTIVE_COMPILATION_CONDITIONS = "DEBUG $(inherited)";
				SWIFT_OPTIMIZATION_LEVEL = "-Onone";
			};
			name = Debug;
		};
		7818B49C2C990FD1005A9D03 /* Release */ = {
			isa = XCBuildConfiguration;
			buildSettings = {
				ALWAYS_SEARCH_USER_PATHS = NO;
				ASSETCATALOG_COMPILER_GENERATE_SWIFT_ASSET_SYMBOL_EXTENSIONS = YES;
				CLANG_ANALYZER_NONNULL = YES;
				CLANG_ANALYZER_NUMBER_OBJECT_CONVERSION = YES_AGGRESSIVE;
				CLANG_CXX_LANGUAGE_STANDARD = "gnu++20";
				CLANG_ENABLE_MODULES = YES;
				CLANG_ENABLE_OBJC_ARC = YES;
				CLANG_ENABLE_OBJC_WEAK = YES;
				CLANG_WARN_BLOCK_CAPTURE_AUTORELEASING = YES;
				CLANG_WARN_BOOL_CONVERSION = YES;
				CLANG_WARN_COMMA = YES;
				CLANG_WARN_CONSTANT_CONVERSION = YES;
				CLANG_WARN_DEPRECATED_OBJC_IMPLEMENTATIONS = YES;
				CLANG_WARN_DIRECT_OBJC_ISA_USAGE = YES_ERROR;
				CLANG_WARN_DOCUMENTATION_COMMENTS = YES;
				CLANG_WARN_EMPTY_BODY = YES;
				CLANG_WARN_ENUM_CONVERSION = YES;
				CLANG_WARN_INFINITE_RECURSION = YES;
				CLANG_WARN_INT_CONVERSION = YES;
				CLANG_WARN_NON_LITERAL_NULL_CONVERSION = YES;
				CLANG_WARN_OBJC_IMPLICIT_RETAIN_SELF = YES;
				CLANG_WARN_OBJC_LITERAL_CONVERSION = YES;
				CLANG_WARN_OBJC_ROOT_CLASS = YES_ERROR;
				CLANG_WARN_QUOTED_INCLUDE_IN_FRAMEWORK_HEADER = YES;
				CLANG_WARN_RANGE_LOOP_ANALYSIS = YES;
				CLANG_WARN_STRICT_PROTOTYPES = YES;
				CLANG_WARN_SUSPICIOUS_MOVE = YES;
				CLANG_WARN_UNGUARDED_AVAILABILITY = YES_AGGRESSIVE;
				CLANG_WARN_UNREACHABLE_CODE = YES;
				CLANG_WARN__DUPLICATE_METHOD_MATCH = YES;
				COPY_PHASE_STRIP = NO;
				DEBUG_INFORMATION_FORMAT = "dwarf-with-dsym";
				ENABLE_NS_ASSERTIONS = NO;
				ENABLE_STRICT_OBJC_MSGSEND = YES;
				ENABLE_USER_SCRIPT_SANDBOXING = YES;
				GCC_C_LANGUAGE_STANDARD = gnu17;
				GCC_NO_COMMON_BLOCKS = YES;
				GCC_WARN_64_TO_32_BIT_CONVERSION = YES;
				GCC_WARN_ABOUT_RETURN_TYPE = YES_ERROR;
				GCC_WARN_UNDECLARED_SELECTOR = YES;
				GCC_WARN_UNINITIALIZED_AUTOS = YES_AGGRESSIVE;
				GCC_WARN_UNUSED_FUNCTION = YES;
				GCC_WARN_UNUSED_VARIABLE = YES;
				IPHONEOS_DEPLOYMENT_TARGET = 17.5;
				LOCALIZATION_PREFERS_STRING_CATALOGS = YES;
				MTL_ENABLE_DEBUG_INFO = NO;
				MTL_FAST_MATH = YES;
				SDKROOT = iphoneos;
				SWIFT_COMPILATION_MODE = wholemodule;
				VALIDATE_PRODUCT = YES;
			};
			name = Release;
		};
		7818B49E2C990FD1005A9D03 /* Debug */ = {
			isa = XCBuildConfiguration;
			buildSettings = {
				ASSETCATALOG_COMPILER_APPICON_NAME = AppIcon;
				ASSETCATALOG_COMPILER_GLOBAL_ACCENT_COLOR_NAME = AccentColor;
				CODE_SIGN_STYLE = Automatic;
				CURRENT_PROJECT_VERSION = 1;
				DEVELOPMENT_ASSET_PATHS = "\"SenasDevStory/Preview Content\"";
				ENABLE_PREVIEWS = YES;
				GENERATE_INFOPLIST_FILE = YES;
				INFOPLIST_KEY_UIApplicationSceneManifest_Generation = YES;
				INFOPLIST_KEY_UIApplicationSupportsIndirectInputEvents = YES;
				INFOPLIST_KEY_UILaunchScreen_Generation = YES;
				INFOPLIST_KEY_UISupportedInterfaceOrientations_iPad = "UIInterfaceOrientationPortrait UIInterfaceOrientationPortraitUpsideDown UIInterfaceOrientationLandscapeLeft UIInterfaceOrientationLandscapeRight";
				INFOPLIST_KEY_UISupportedInterfaceOrientations_iPhone = "UIInterfaceOrientationPortrait UIInterfaceOrientationLandscapeLeft UIInterfaceOrientationLandscapeRight";
				LD_RUNPATH_SEARCH_PATHS = (
					"$(inherited)",
					"@executable_path/Frameworks",
				);
				MARKETING_VERSION = 1.0;
				PRODUCT_BUNDLE_IDENTIFIER = Senas.SenasDevStory;
				PRODUCT_NAME = "$(TARGET_NAME)";
				SWIFT_EMIT_LOC_STRINGS = YES;
				SWIFT_VERSION = 5.0;
				TARGETED_DEVICE_FAMILY = "1,2";
			};
			name = Debug;
		};
		7818B49F2C990FD1005A9D03 /* Release */ = {
			isa = XCBuildConfiguration;
			buildSettings = {
				ASSETCATALOG_COMPILER_APPICON_NAME = AppIcon;
				ASSETCATALOG_COMPILER_GLOBAL_ACCENT_COLOR_NAME = AccentColor;
				CODE_SIGN_STYLE = Automatic;
				CURRENT_PROJECT_VERSION = 1;
				DEVELOPMENT_ASSET_PATHS = "\"SenasDevStory/Preview Content\"";
				ENABLE_PREVIEWS = YES;
				GENERATE_INFOPLIST_FILE = YES;
				INFOPLIST_KEY_UIApplicationSceneManifest_Generation = YES;
				INFOPLIST_KEY_UIApplicationSupportsIndirectInputEvents = YES;
				INFOPLIST_KEY_UILaunchScreen_Generation = YES;
				INFOPLIST_KEY_UISupportedInterfaceOrientations_iPad = "UIInterfaceOrientationPortrait UIInterfaceOrientationPortraitUpsideDown UIInterfaceOrientationLandscapeLeft UIInterfaceOrientationLandscapeRight";
				INFOPLIST_KEY_UISupportedInterfaceOrientations_iPhone = "UIInterfaceOrientationPortrait UIInterfaceOrientationLandscapeLeft UIInterfaceOrientationLandscapeRight";
				LD_RUNPATH_SEARCH_PATHS = (
					"$(inherited)",
					"@executable_path/Frameworks",
				);
				MARKETING_VERSION = 1.0;
				PRODUCT_BUNDLE_IDENTIFIER = Senas.SenasDevStory;
				PRODUCT_NAME = "$(TARGET_NAME)";
				SWIFT_EMIT_LOC_STRINGS = YES;
				SWIFT_VERSION = 5.0;
				TARGETED_DEVICE_FAMILY = "1,2";
			};
			name = Release;
		};
		7818B4A12C990FD1005A9D03 /* Debug */ = {
			isa = XCBuildConfiguration;
			buildSettings = {
				ALWAYS_EMBED_SWIFT_STANDARD_LIBRARIES = YES;
				BUNDLE_LOADER = "$(TEST_HOST)";
				CODE_SIGN_STYLE = Automatic;
				CURRENT_PROJECT_VERSION = 1;
				GENERATE_INFOPLIST_FILE = YES;
				IPHONEOS_DEPLOYMENT_TARGET = 17.5;
				MARKETING_VERSION = 1.0;
				PRODUCT_BUNDLE_IDENTIFIER = Senas.SenasDevStoryTests;
				PRODUCT_NAME = "$(TARGET_NAME)";
				SWIFT_EMIT_LOC_STRINGS = NO;
				SWIFT_VERSION = 5.0;
				TARGETED_DEVICE_FAMILY = "1,2";
				TEST_HOST = "$(BUILT_PRODUCTS_DIR)/SenasDevStory.app/$(BUNDLE_EXECUTABLE_FOLDER_PATH)/SenasDevStory";
			};
			name = Debug;
		};
		7818B4A22C990FD1005A9D03 /* Release */ = {
			isa = XCBuildConfiguration;
			buildSettings = {
				ALWAYS_EMBED_SWIFT_STANDARD_LIBRARIES = YES;
				BUNDLE_LOADER = "$(TEST_HOST)";
				CODE_SIGN_STYLE = Automatic;
				CURRENT_PROJECT_VERSION = 1;
				GENERATE_INFOPLIST_FILE = YES;
				IPHONEOS_DEPLOYMENT_TARGET = 17.5;
				MARKETING_VERSION = 1.0;
				PRODUCT_BUNDLE_IDENTIFIER = Senas.SenasDevStoryTests;
				PRODUCT_NAME = "$(TARGET_NAME)";
				SWIFT_EMIT_LOC_STRINGS = NO;
				SWIFT_VERSION = 5.0;
				TARGETED_DEVICE_FAMILY = "1,2";
				TEST_HOST = "$(BUILT_PRODUCTS_DIR)/SenasDevStory.app/$(BUNDLE_EXECUTABLE_FOLDER_PATH)/SenasDevStory";
			};
			name = Release;
		};
		7818B4A42C990FD1005A9D03 /* Debug */ = {
			isa = XCBuildConfiguration;
			buildSettings = {
				ALWAYS_EMBED_SWIFT_STANDARD_LIBRARIES = YES;
				CODE_SIGN_STYLE = Automatic;
				CURRENT_PROJECT_VERSION = 1;
				GENERATE_INFOPLIST_FILE = YES;
				MARKETING_VERSION = 1.0;
				PRODUCT_BUNDLE_IDENTIFIER = Senas.SenasDevStoryUITests;
				PRODUCT_NAME = "$(TARGET_NAME)";
				SWIFT_EMIT_LOC_STRINGS = NO;
				SWIFT_VERSION = 5.0;
				TARGETED_DEVICE_FAMILY = "1,2";
				TEST_TARGET_NAME = SenasDevStory;
			};
			name = Debug;
		};
		7818B4A52C990FD1005A9D03 /* Release */ = {
			isa = XCBuildConfiguration;
			buildSettings = {
				ALWAYS_EMBED_SWIFT_STANDARD_LIBRARIES = YES;
				CODE_SIGN_STYLE = Automatic;
				CURRENT_PROJECT_VERSION = 1;
				GENERATE_INFOPLIST_FILE = YES;
				MARKETING_VERSION = 1.0;
				PRODUCT_BUNDLE_IDENTIFIER = Senas.SenasDevStoryUITests;
				PRODUCT_NAME = "$(TARGET_NAME)";
				SWIFT_EMIT_LOC_STRINGS = NO;
				SWIFT_VERSION = 5.0;
				TARGETED_DEVICE_FAMILY = "1,2";
				TEST_TARGET_NAME = SenasDevStory;
			};
			name = Release;
		};
/* End XCBuildConfiguration section */

/* Begin XCConfigurationList section */
		7818B4742C990FCF005A9D03 /* Build configuration list for PBXProject "SenasDevStory" */ = {
			isa = XCConfigurationList;
			buildConfigurations = (
				7818B49B2C990FD1005A9D03 /* Debug */,
				7818B49C2C990FD1005A9D03 /* Release */,
			);
			defaultConfigurationIsVisible = 0;
			defaultConfigurationName = Release;
		};
		7818B49D2C990FD1005A9D03 /* Build configuration list for PBXNativeTarget "SenasDevStory" */ = {
			isa = XCConfigurationList;
			buildConfigurations = (
				7818B49E2C990FD1005A9D03 /* Debug */,
				7818B49F2C990FD1005A9D03 /* Release */,
			);
			defaultConfigurationIsVisible = 0;
			defaultConfigurationName = Release;
		};
		7818B4A02C990FD1005A9D03 /* Build configuration list for PBXNativeTarget "SenasDevStoryTests" */ = {
			isa = XCConfigurationList;
			buildConfigurations = (
				7818B4A12C990FD1005A9D03 /* Debug */,
				7818B4A22C990FD1005A9D03 /* Release */,
			);
			defaultConfigurationIsVisible = 0;
			defaultConfigurationName = Release;
		};
		7818B4A32C990FD1005A9D03 /* Build configuration list for PBXNativeTarget "SenasDevStoryUITests" */ = {
			isa = XCConfigurationList;
			buildConfigurations = (
				7818B4A42C990FD1005A9D03 /* Debug */,
				7818B4A52C990FD1005A9D03 /* Release */,
			);
			defaultConfigurationIsVisible = 0;
			defaultConfigurationName = Release;
		};
/* End XCConfigurationList section */
	};
	rootObject = 7818B4712C990FCF005A9D03 /* Project object */;
}
